// !$*UTF8*$!
{
	archiveVersion = 1;
	classes = {
	};
	objectVersion = 46;
	objects = {

/* Begin PBXBuildFile section */
		071E4CB115BD6906008A9457 /* MainController.m in Sources */ = {isa = PBXBuildFile; fileRef = 071E4CB015BD6906008A9457 /* MainController.m */; };
		075C2D651A98F4BC0053A62C /* sstxClasses_upper.plist in Resources */ = {isa = PBXBuildFile; fileRef = 075C2D641A98F4BC0053A62C /* sstxClasses_upper.plist */; };
		07A6D5771FAE589B006F36FB /* LaunchScreen.storyboard in Resources */ = {isa = PBXBuildFile; fileRef = 07A6D5761FAE589B006F36FB /* LaunchScreen.storyboard */; };
		07D438611594BEFD0022BC05 /* main.m in Sources */ = {isa = PBXBuildFile; fileRef = 07D438601594BEFD0022BC05 /* main.m */; };
		07D438651594BEFD0022BC05 /* AppDelegate.m in Sources */ = {isa = PBXBuildFile; fileRef = 07D438641594BEFD0022BC05 /* AppDelegate.m */; };
		07D438681594BEFD0022BC05 /* MainStoryboard.storyboard in Resources */ = {isa = PBXBuildFile; fileRef = 07D438661594BEFD0022BC05 /* MainStoryboard.storyboard */; };
		07D438771594BF490022BC05 /* ClassPickerController.m in Sources */ = {isa = PBXBuildFile; fileRef = 07D438761594BF490022BC05 /* ClassPickerController.m */; };
		07EB174317F3E8100021E3FC /* Images.xcassets in Resources */ = {isa = PBXBuildFile; fileRef = 07EB174217F3E8100021E3FC /* Images.xcassets */; };
		07EE629016586E43002E5A73 /* SettingView.m in Sources */ = {isa = PBXBuildFile; fileRef = 07EE628F16586E43002E5A73 /* SettingView.m */; };
		07EE6293165877E9002E5A73 /* UsersViewController.m in Sources */ = {isa = PBXBuildFile; fileRef = 07EE6292165877E9002E5A73 /* UsersViewController.m */; };
		07F76DB31A1AF69600398DB2 /* sstxClasses_middle.plist in Resources */ = {isa = PBXBuildFile; fileRef = 07F76DB11A1AF69600398DB2 /* sstxClasses_middle.plist */; };
		C9174CC622519F6C002562F9 /* SSSClass.m in Sources */ = {isa = PBXBuildFile; fileRef = C9174CC522519F6C002562F9 /* SSSClass.m */; };
		C9174CC92251A1D4002562F9 /* SSSSchedule.m in Sources */ = {isa = PBXBuildFile; fileRef = C9174CC82251A1D4002562F9 /* SSSSchedule.m */; };
		C9DDD16B224C305200EE0416 /* UIKit.framework in Frameworks */ = {isa = PBXBuildFile; fileRef = 07D438541594BEFD0022BC05 /* UIKit.framework */; };
/* End PBXBuildFile section */

/* Begin PBXFileReference section */
		071E4CAF15BD6906008A9457 /* MainController.h */ = {isa = PBXFileReference; fileEncoding = 4; lastKnownFileType = sourcecode.c.h; path = MainController.h; sourceTree = "<group>"; };
		071E4CB015BD6906008A9457 /* MainController.m */ = {isa = PBXFileReference; fileEncoding = 4; lastKnownFileType = sourcecode.c.objc; path = MainController.m; sourceTree = "<group>"; };
		075C2D641A98F4BC0053A62C /* sstxClasses_upper.plist */ = {isa = PBXFileReference; fileEncoding = 4; lastKnownFileType = text.plist.xml; path = sstxClasses_upper.plist; sourceTree = "<group>"; };
		07A6D5761FAE589B006F36FB /* LaunchScreen.storyboard */ = {isa = PBXFileReference; fileEncoding = 4; lastKnownFileType = file.storyboard; path = LaunchScreen.storyboard; sourceTree = "<group>"; };
		07D438501594BEFD0022BC05 /* StStephenSchedule.app */ = {isa = PBXFileReference; explicitFileType = wrapper.application; includeInIndex = 0; path = StStephenSchedule.app; sourceTree = BUILT_PRODUCTS_DIR; };
		07D438541594BEFD0022BC05 /* UIKit.framework */ = {isa = PBXFileReference; lastKnownFileType = wrapper.framework; name = UIKit.framework; path = System/Library/Frameworks/UIKit.framework; sourceTree = SDKROOT; };
		07D4385C1594BEFD0022BC05 /* Info.plist */ = {isa = PBXFileReference; lastKnownFileType = text.plist.xml; path = Info.plist; sourceTree = "<group>"; };
		07D438601594BEFD0022BC05 /* main.m */ = {isa = PBXFileReference; lastKnownFileType = sourcecode.c.objc; path = main.m; sourceTree = "<group>"; };
		07D438621594BEFD0022BC05 /* StStephenSchedule-Prefix.pch */ = {isa = PBXFileReference; lastKnownFileType = sourcecode.c.h; path = "StStephenSchedule-Prefix.pch"; sourceTree = "<group>"; };
		07D438631594BEFD0022BC05 /* AppDelegate.h */ = {isa = PBXFileReference; lastKnownFileType = sourcecode.c.h; path = AppDelegate.h; sourceTree = "<group>"; };
		07D438641594BEFD0022BC05 /* AppDelegate.m */ = {isa = PBXFileReference; lastKnownFileType = sourcecode.c.objc; path = AppDelegate.m; sourceTree = "<group>"; };
		07D438671594BEFD0022BC05 /* en */ = {isa = PBXFileReference; lastKnownFileType = file.storyboard; name = en; path = en.lproj/MainStoryboard.storyboard; sourceTree = "<group>"; };
		07D438751594BF490022BC05 /* ClassPickerController.h */ = {isa = PBXFileReference; fileEncoding = 4; lastKnownFileType = sourcecode.c.h; path = ClassPickerController.h; sourceTree = "<group>"; };
		07D438761594BF490022BC05 /* ClassPickerController.m */ = {isa = PBXFileReference; fileEncoding = 4; lastKnownFileType = sourcecode.c.objc; path = ClassPickerController.m; sourceTree = "<group>"; };
		07EB174217F3E8100021E3FC /* Images.xcassets */ = {isa = PBXFileReference; lastKnownFileType = folder.assetcatalog; path = Images.xcassets; sourceTree = "<group>"; };
		07EE628E16586E43002E5A73 /* SettingView.h */ = {isa = PBXFileReference; fileEncoding = 4; lastKnownFileType = sourcecode.c.h; path = SettingView.h; sourceTree = "<group>"; };
		07EE628F16586E43002E5A73 /* SettingView.m */ = {isa = PBXFileReference; fileEncoding = 4; lastKnownFileType = sourcecode.c.objc; path = SettingView.m; sourceTree = "<group>"; };
		07EE6291165877E9002E5A73 /* UsersViewController.h */ = {isa = PBXFileReference; fileEncoding = 4; lastKnownFileType = sourcecode.c.h; path = UsersViewController.h; sourceTree = "<group>"; };
		07EE6292165877E9002E5A73 /* UsersViewController.m */ = {isa = PBXFileReference; fileEncoding = 4; lastKnownFileType = sourcecode.c.objc; path = UsersViewController.m; sourceTree = "<group>"; };
		07F76DB11A1AF69600398DB2 /* sstxClasses_middle.plist */ = {isa = PBXFileReference; fileEncoding = 4; lastKnownFileType = text.plist.xml; path = sstxClasses_middle.plist; sourceTree = "<group>"; };
		C9174CC422519F6C002562F9 /* SSSClass.h */ = {isa = PBXFileReference; lastKnownFileType = sourcecode.c.h; path = SSSClass.h; sourceTree = "<group>"; };
		C9174CC522519F6C002562F9 /* SSSClass.m */ = {isa = PBXFileReference; lastKnownFileType = sourcecode.c.objc; path = SSSClass.m; sourceTree = "<group>"; };
		C9174CC72251A1D4002562F9 /* SSSSchedule.h */ = {isa = PBXFileReference; lastKnownFileType = sourcecode.c.h; path = SSSSchedule.h; sourceTree = "<group>"; };
		C9174CC82251A1D4002562F9 /* SSSSchedule.m */ = {isa = PBXFileReference; lastKnownFileType = sourcecode.c.objc; path = SSSSchedule.m; sourceTree = "<group>"; };
/* End PBXFileReference section */

/* Begin PBXFrameworksBuildPhase section */
		07D4384D1594BEFD0022BC05 /* Frameworks */ = {
			isa = PBXFrameworksBuildPhase;
			buildActionMask = 2147483647;
			files = (
				C9DDD16B224C305200EE0416 /* UIKit.framework in Frameworks */,
			);
			runOnlyForDeploymentPostprocessing = 0;
		};
/* End PBXFrameworksBuildPhase section */

/* Begin PBXGroup section */
		076696F322489E5E0070D6B1 /* Source */ = {
			isa = PBXGroup;
			children = (
				07D438631594BEFD0022BC05 /* AppDelegate.h */,
				07D438641594BEFD0022BC05 /* AppDelegate.m */,
				071E4CAF15BD6906008A9457 /* MainController.h */,
				071E4CB015BD6906008A9457 /* MainController.m */,
				07D438751594BF490022BC05 /* ClassPickerController.h */,
				07D438761594BF490022BC05 /* ClassPickerController.m */,
				07EE628E16586E43002E5A73 /* SettingView.h */,
				07EE628F16586E43002E5A73 /* SettingView.m */,
				07EE6291165877E9002E5A73 /* UsersViewController.h */,
				07EE6292165877E9002E5A73 /* UsersViewController.m */,
				07D438601594BEFD0022BC05 /* main.m */,
				C9174CC422519F6C002562F9 /* SSSClass.h */,
				C9174CC522519F6C002562F9 /* SSSClass.m */,
				C9174CC72251A1D4002562F9 /* SSSSchedule.h */,
				C9174CC82251A1D4002562F9 /* SSSSchedule.m */,
			);
			path = Source;
			sourceTree = "<group>";
		};
		076696F422489EC10070D6B1 /* Resources */ = {
			isa = PBXGroup;
			children = (
				07EB174217F3E8100021E3FC /* Images.xcassets */,
				075C2D641A98F4BC0053A62C /* sstxClasses_upper.plist */,
				07F76DB11A1AF69600398DB2 /* sstxClasses_middle.plist */,
				07A6D5761FAE589B006F36FB /* LaunchScreen.storyboard */,
				07D438661594BEFD0022BC05 /* MainStoryboard.storyboard */,
			);
			path = Resources;
			sourceTree = "<group>";
		};
		07D438451594BEFD0022BC05 = {
			isa = PBXGroup;
			children = (
				07D4385A1594BEFD0022BC05 /* StStephenSchedule */,
				07D438531594BEFD0022BC05 /* Frameworks */,
				07D438511594BEFD0022BC05 /* Products */,
			);
			sourceTree = "<group>";
		};
		07D438511594BEFD0022BC05 /* Products */ = {
			isa = PBXGroup;
			children = (
				07D438501594BEFD0022BC05 /* StStephenSchedule.app */,
			);
			name = Products;
			sourceTree = "<group>";
		};
		07D438531594BEFD0022BC05 /* Frameworks */ = {
			isa = PBXGroup;
			children = (
				07D438541594BEFD0022BC05 /* UIKit.framework */,
			);
			name = Frameworks;
			sourceTree = "<group>";
		};
		07D4385A1594BEFD0022BC05 /* StStephenSchedule */ = {
			isa = PBXGroup;
			children = (
				076696F322489E5E0070D6B1 /* Source */,
				076696F422489EC10070D6B1 /* Resources */,
				07D4385B1594BEFD0022BC05 /* Supporting Files */,
			);
			path = StStephenSchedule;
			sourceTree = "<group>";
		};
		07D4385B1594BEFD0022BC05 /* Supporting Files */ = {
			isa = PBXGroup;
			children = (
				07D4385C1594BEFD0022BC05 /* Info.plist */,
				07D438621594BEFD0022BC05 /* StStephenSchedule-Prefix.pch */,
			);
			name = "Supporting Files";
			sourceTree = "<group>";
		};
/* End PBXGroup section */

/* Begin PBXNativeTarget section */
		07D4384F1594BEFD0022BC05 /* StStephenSchedule */ = {
			isa = PBXNativeTarget;
			buildConfigurationList = 07D4386E1594BEFD0022BC05 /* Build configuration list for PBXNativeTarget "StStephenSchedule" */;
			buildPhases = (
				07D4384C1594BEFD0022BC05 /* Sources */,
				07D4384D1594BEFD0022BC05 /* Frameworks */,
				07D4384E1594BEFD0022BC05 /* Resources */,
			);
			buildRules = (
			);
			dependencies = (
			);
			name = StStephenSchedule;
			productName = StStephenSchedule;
			productReference = 07D438501594BEFD0022BC05 /* StStephenSchedule.app */;
			productType = "com.apple.product-type.application";
		};
/* End PBXNativeTarget section */

/* Begin PBXProject section */
		07D438471594BEFD0022BC05 /* Project object */ = {
			isa = PBXProject;
			attributes = {
				LastUpgradeCheck = 1100;
				ORGANIZATIONNAME = "St.Stephen's";
				TargetAttributes = {
					07D4384F1594BEFD0022BC05 = {
						DevelopmentTeam = 2NA87MVYM6;
						ProvisioningStyle = Automatic;
					};
				};
			};
			buildConfigurationList = 07D4384A1594BEFD0022BC05 /* Build configuration list for PBXProject "StStephenSchedule" */;
			compatibilityVersion = "Xcode 3.2";
			developmentRegion = English;
			hasScannedForEncodings = 0;
			knownRegions = (
				en,
			);
			mainGroup = 07D438451594BEFD0022BC05;
			productRefGroup = 07D438511594BEFD0022BC05 /* Products */;
			projectDirPath = "";
			projectRoot = "";
			targets = (
				07D4384F1594BEFD0022BC05 /* StStephenSchedule */,
			);
		};
/* End PBXProject section */

/* Begin PBXResourcesBuildPhase section */
		07D4384E1594BEFD0022BC05 /* Resources */ = {
			isa = PBXResourcesBuildPhase;
			buildActionMask = 2147483647;
			files = (
				075C2D651A98F4BC0053A62C /* sstxClasses_upper.plist in Resources */,
				07D438681594BEFD0022BC05 /* MainStoryboard.storyboard in Resources */,
				07EB174317F3E8100021E3FC /* Images.xcassets in Resources */,
				07A6D5771FAE589B006F36FB /* LaunchScreen.storyboard in Resources */,
				07F76DB31A1AF69600398DB2 /* sstxClasses_middle.plist in Resources */,
			);
			runOnlyForDeploymentPostprocessing = 0;
		};
/* End PBXResourcesBuildPhase section */

/* Begin PBXSourcesBuildPhase section */
		07D4384C1594BEFD0022BC05 /* Sources */ = {
			isa = PBXSourcesBuildPhase;
			buildActionMask = 2147483647;
			files = (
				07D438611594BEFD0022BC05 /* main.m in Sources */,
				07D438651594BEFD0022BC05 /* AppDelegate.m in Sources */,
				07D438771594BF490022BC05 /* ClassPickerController.m in Sources */,
				C9174CC92251A1D4002562F9 /* SSSSchedule.m in Sources */,
				C9174CC622519F6C002562F9 /* SSSClass.m in Sources */,
				071E4CB115BD6906008A9457 /* MainController.m in Sources */,
				07EE629016586E43002E5A73 /* SettingView.m in Sources */,
				07EE6293165877E9002E5A73 /* UsersViewController.m in Sources */,
			);
			runOnlyForDeploymentPostprocessing = 0;
		};
/* End PBXSourcesBuildPhase section */

/* Begin PBXVariantGroup section */
		07D438661594BEFD0022BC05 /* MainStoryboard.storyboard */ = {
			isa = PBXVariantGroup;
			children = (
				07D438671594BEFD0022BC05 /* en */,
			);
			name = MainStoryboard.storyboard;
			sourceTree = "<group>";
		};
/* End PBXVariantGroup section */

/* Begin XCBuildConfiguration section */
		07D4386C1594BEFD0022BC05 /* Debug */ = {
			isa = XCBuildConfiguration;
			buildSettings = {
				ALWAYS_SEARCH_USER_PATHS = NO;
				CLANG_ENABLE_OBJC_ARC = YES;
				CLANG_WARN_BLOCK_CAPTURE_AUTORELEASING = YES;
				CLANG_WARN_BOOL_CONVERSION = YES;
				CLANG_WARN_COMMA = YES;
				CLANG_WARN_CONSTANT_CONVERSION = YES;
				CLANG_WARN_DEPRECATED_OBJC_IMPLEMENTATIONS = YES;
				CLANG_WARN_EMPTY_BODY = YES;
				CLANG_WARN_ENUM_CONVERSION = YES;
				CLANG_WARN_INFINITE_RECURSION = YES;
				CLANG_WARN_INT_CONVERSION = YES;
				CLANG_WARN_NON_LITERAL_NULL_CONVERSION = YES;
				CLANG_WARN_OBJC_IMPLICIT_RETAIN_SELF = YES;
				CLANG_WARN_OBJC_LITERAL_CONVERSION = YES;
				CLANG_WARN_RANGE_LOOP_ANALYSIS = YES;
				CLANG_WARN_STRICT_PROTOTYPES = YES;
				CLANG_WARN_SUSPICIOUS_MOVE = YES;
				CLANG_WARN_UNREACHABLE_CODE = YES;
				CLANG_WARN__DUPLICATE_METHOD_MATCH = YES;
				COPY_PHASE_STRIP = NO;
				ENABLE_TESTABILITY = YES;
				GCC_DYNAMIC_NO_PIC = NO;
				GCC_NO_COMMON_BLOCKS = YES;
				GCC_PREPROCESSOR_DEFINITIONS = (
					"DEBUG=1",
					"$(inherited)",
				);
				GCC_SYMBOLS_PRIVATE_EXTERN = NO;
				GCC_WARN_ABOUT_RETURN_TYPE = YES;
				GCC_WARN_UNDECLARED_SELECTOR = YES;
				GCC_WARN_UNINITIALIZED_AUTOS = YES;
				GCC_WARN_UNUSED_FUNCTION = YES;
				GCC_WARN_UNUSED_VARIABLE = YES;
				IPHONEOS_DEPLOYMENT_TARGET = 10.0;
				ONLY_ACTIVE_ARCH = YES;
				PROVISIONING_PROFILE = "C31CF068-E393-4DFB-BCA6-5CD8E0FB7647";
				"PROVISIONING_PROFILE[sdk=iphoneos*]" = "C31CF068-E393-4DFB-BCA6-5CD8E0FB7647";
				SDKROOT = iphoneos;
			};
			name = Debug;
		};
		07D4386D1594BEFD0022BC05 /* Release */ = {
			isa = XCBuildConfiguration;
			buildSettings = {
				ALWAYS_SEARCH_USER_PATHS = NO;
				CLANG_ENABLE_OBJC_ARC = YES;
				CLANG_WARN_BLOCK_CAPTURE_AUTORELEASING = YES;
				CLANG_WARN_BOOL_CONVERSION = YES;
				CLANG_WARN_COMMA = YES;
				CLANG_WARN_CONSTANT_CONVERSION = YES;
				CLANG_WARN_DEPRECATED_OBJC_IMPLEMENTATIONS = YES;
				CLANG_WARN_EMPTY_BODY = YES;
				CLANG_WARN_ENUM_CONVERSION = YES;
				CLANG_WARN_INFINITE_RECURSION = YES;
				CLANG_WARN_INT_CONVERSION = YES;
				CLANG_WARN_NON_LITERAL_NULL_CONVERSION = YES;
				CLANG_WARN_OBJC_IMPLICIT_RETAIN_SELF = YES;
				CLANG_WARN_OBJC_LITERAL_CONVERSION = YES;
				CLANG_WARN_RANGE_LOOP_ANALYSIS = YES;
				CLANG_WARN_STRICT_PROTOTYPES = YES;
				CLANG_WARN_SUSPICIOUS_MOVE = YES;
				CLANG_WARN_UNREACHABLE_CODE = YES;
				CLANG_WARN__DUPLICATE_METHOD_MATCH = YES;
				CODE_SIGN_IDENTITY = "iPhone Distribution";
				"CODE_SIGN_IDENTITY[sdk=iphoneos*]" = "iPhone Distribution";
				COPY_PHASE_STRIP = YES;
				GCC_NO_COMMON_BLOCKS = YES;
				GCC_WARN_ABOUT_RETURN_TYPE = YES;
				GCC_WARN_UNDECLARED_SELECTOR = YES;
				GCC_WARN_UNINITIALIZED_AUTOS = YES;
				GCC_WARN_UNUSED_FUNCTION = YES;
				GCC_WARN_UNUSED_VARIABLE = YES;
				IPHONEOS_DEPLOYMENT_TARGET = 10.0;
				ONLY_ACTIVE_ARCH = YES;
				PROVISIONING_PROFILE = "CB996E39-FF1B-4718-8208-9E1691AA77A7";
				"PROVISIONING_PROFILE[sdk=iphoneos*]" = "CB996E39-FF1B-4718-8208-9E1691AA77A7";
				SDKROOT = iphoneos;
			};
			name = Release;
		};
		07D4386F1594BEFD0022BC05 /* Debug */ = {
			isa = XCBuildConfiguration;
			buildSettings = {
				ASSETCATALOG_COMPILER_APPICON_NAME = AppIcon;
				CODE_SIGN_IDENTITY = "iPhone Developer";
				CODE_SIGN_STYLE = Automatic;
				COPY_PHASE_STRIP = NO;
				DEVELOPMENT_TEAM = 2NA87MVYM6;
				FRAMEWORK_SEARCH_PATHS = "$(inherited)";
				GCC_PRECOMPILE_PREFIX_HEADER = YES;
				GCC_PREFIX_HEADER = "StStephenSchedule/StStephenSchedule-Prefix.pch";
				INFOPLIST_FILE = StStephenSchedule/Info.plist;
				IPHONEOS_DEPLOYMENT_TARGET = 11.0;
				PRODUCT_BUNDLE_IDENTIFIER = org.sstx;
				PRODUCT_NAME = "$(TARGET_NAME)";
				PROVISIONING_PROFILE_SPECIFIER = "";
				WRAPPER_EXTENSION = app;
			};
			name = Debug;
		};
		07D438701594BEFD0022BC05 /* Release */ = {
			isa = XCBuildConfiguration;
			buildSettings = {
				ASSETCATALOG_COMPILER_APPICON_NAME = AppIcon;
				CODE_SIGN_IDENTITY = "iPhone Developer";
				CODE_SIGN_STYLE = Automatic;
				DEVELOPMENT_TEAM = 2NA87MVYM6;
				FRAMEWORK_SEARCH_PATHS = "$(inherited)";
				GCC_PRECOMPILE_PREFIX_HEADER = YES;
				GCC_PREFIX_HEADER = "StStephenSchedule/StStephenSchedule-Prefix.pch";
				INFOPLIST_FILE = StStephenSchedule/Info.plist;
				IPHONEOS_DEPLOYMENT_TARGET = 11.0;
				ONLY_ACTIVE_ARCH = NO;
				PRODUCT_BUNDLE_IDENTIFIER = org.sstx;
				PRODUCT_NAME = "$(TARGET_NAME)";
				PROVISIONING_PROFILE_SPECIFIER = "";
				WRAPPER_EXTENSION = app;
			};
			name = Release;
		};
/* End XCBuildConfiguration section */

/* Begin XCConfigurationList section */
		07D4384A1594BEFD0022BC05 /* Build configuration list for PBXProject "StStephenSchedule" */ = {
			isa = XCConfigurationList;
			buildConfigurations = (
				07D4386C1594BEFD0022BC05 /* Debug */,
				07D4386D1594BEFD0022BC05 /* Release */,
			);
			defaultConfigurationIsVisible = 0;
			defaultConfigurationName = Release;
		};
		07D4386E1594BEFD0022BC05 /* Build configuration list for PBXNativeTarget "StStephenSchedule" */ = {
			isa = XCConfigurationList;
			buildConfigurations = (
				07D4386F1594BEFD0022BC05 /* Debug */,
				07D438701594BEFD0022BC05 /* Release */,
			);
			defaultConfigurationIsVisible = 0;
			defaultConfigurationName = Release;
		};
/* End XCConfigurationList section */
	};
	rootObject = 07D438471594BEFD0022BC05 /* Project object */;
}
