// !$*UTF8*$!
{
	archiveVersion = 1;
	classes = {
	};
	objectVersion = 50;
	objects = {

/* Begin PBXBuildFile section */
		C96345262254729F007F990E /* AppDelegate.swift in Sources */ = {isa = PBXBuildFile; fileRef = C96345252254729F007F990E /* AppDelegate.swift */; };
		C963452B2254729F007F990E /* Main.storyboard in Resources */ = {isa = PBXBuildFile; fileRef = C96345292254729F007F990E /* Main.storyboard */; };
		C963452D225472A0007F990E /* Assets.xcassets in Resources */ = {isa = PBXBuildFile; fileRef = C963452C225472A0007F990E /* Assets.xcassets */; };
		C9634530225472A0007F990E /* LaunchScreen.storyboard in Resources */ = {isa = PBXBuildFile; fileRef = C963452E225472A0007F990E /* LaunchScreen.storyboard */; };
		C963453A2254765A007F990E /* ScheduleTableViewController.swift in Sources */ = {isa = PBXBuildFile; fileRef = C96345392254765A007F990E /* ScheduleTableViewController.swift */; };
		C963453C22547683007F990E /* MainViewController.swift in Sources */ = {isa = PBXBuildFile; fileRef = C963453B22547683007F990E /* MainViewController.swift */; };
		C963454122548B3A007F990E /* ScheduleData.swift in Sources */ = {isa = PBXBuildFile; fileRef = C963454022548B3A007F990E /* ScheduleData.swift */; };
/* End PBXBuildFile section */

/* Begin PBXFileReference section */
		C96345222254729F007F990E /* sses-schedule.app */ = {isa = PBXFileReference; explicitFileType = wrapper.application; includeInIndex = 0; path = "sses-schedule.app"; sourceTree = BUILT_PRODUCTS_DIR; };
		C96345252254729F007F990E /* AppDelegate.swift */ = {isa = PBXFileReference; lastKnownFileType = sourcecode.swift; path = AppDelegate.swift; sourceTree = "<group>"; };
		C963452A2254729F007F990E /* Base */ = {isa = PBXFileReference; lastKnownFileType = file.storyboard; name = Base; path = Base.lproj/Main.storyboard; sourceTree = "<group>"; };
		C963452C225472A0007F990E /* Assets.xcassets */ = {isa = PBXFileReference; lastKnownFileType = folder.assetcatalog; path = Assets.xcassets; sourceTree = "<group>"; };
		C963452F225472A0007F990E /* Base */ = {isa = PBXFileReference; lastKnownFileType = file.storyboard; name = Base; path = Base.lproj/LaunchScreen.storyboard; sourceTree = "<group>"; };
		C9634531225472A0007F990E /* Info.plist */ = {isa = PBXFileReference; lastKnownFileType = text.plist.xml; path = Info.plist; sourceTree = "<group>"; };
		C96345392254765A007F990E /* ScheduleTableViewController.swift */ = {isa = PBXFileReference; lastKnownFileType = sourcecode.swift; path = ScheduleTableViewController.swift; sourceTree = "<group>"; };
		C963453B22547683007F990E /* MainViewController.swift */ = {isa = PBXFileReference; lastKnownFileType = sourcecode.swift; path = MainViewController.swift; sourceTree = "<group>"; };
		C963454022548B3A007F990E /* ScheduleData.swift */ = {isa = PBXFileReference; lastKnownFileType = sourcecode.swift; path = ScheduleData.swift; sourceTree = "<group>"; };
/* End PBXFileReference section */

/* Begin PBXFrameworksBuildPhase section */
		C963451F2254729F007F990E /* Frameworks */ = {
			isa = PBXFrameworksBuildPhase;
			buildActionMask = 2147483647;
			files = (
			);
			runOnlyForDeploymentPostprocessing = 0;
		};
/* End PBXFrameworksBuildPhase section */

/* Begin PBXGroup section */
		C96345192254729F007F990E = {
			isa = PBXGroup;
			children = (
				C96345242254729F007F990E /* sses-schedule */,
				C96345232254729F007F990E /* Products */,
			);
			sourceTree = "<group>";
		};
		C96345232254729F007F990E /* Products */ = {
			isa = PBXGroup;
			children = (
				C96345222254729F007F990E /* sses-schedule.app */,
			);
			name = Products;
			sourceTree = "<group>";
		};
		C96345242254729F007F990E /* sses-schedule */ = {
			isa = PBXGroup;
			children = (
				C963453D22548A5C007F990E /* Source */,
				C963453E22548A6F007F990E /* Resources */,
				C963453F22548A8E007F990E /* Supporting Files */,
			);
			path = "sses-schedule";
			sourceTree = "<group>";
		};
		C963453D22548A5C007F990E /* Source */ = {
			isa = PBXGroup;
			children = (
				C96345252254729F007F990E /* AppDelegate.swift */,
				C963453B22547683007F990E /* MainViewController.swift */,
				C96345392254765A007F990E /* ScheduleTableViewController.swift */,
				C963454022548B3A007F990E /* ScheduleData.swift */,
			);
			path = Source;
			sourceTree = "<group>";
		};
		C963453E22548A6F007F990E /* Resources */ = {
			isa = PBXGroup;
			children = (
				C96345292254729F007F990E /* Main.storyboard */,
				C963452C225472A0007F990E /* Assets.xcassets */,
				C963452E225472A0007F990E /* LaunchScreen.storyboard */,
			);
			path = Resources;
			sourceTree = "<group>";
		};
		C963453F22548A8E007F990E /* Supporting Files */ = {
			isa = PBXGroup;
			children = (
				C9634531225472A0007F990E /* Info.plist */,
			);
			path = "Supporting Files";
			sourceTree = "<group>";
		};
/* End PBXGroup section */

/* Begin PBXNativeTarget section */
		C96345212254729F007F990E /* sses-schedule */ = {
			isa = PBXNativeTarget;
			buildConfigurationList = C9634534225472A0007F990E /* Build configuration list for PBXNativeTarget "sses-schedule" */;
			buildPhases = (
				C963451E2254729F007F990E /* Sources */,
				C963451F2254729F007F990E /* Frameworks */,
				C96345202254729F007F990E /* Resources */,
			);
			buildRules = (
			);
			dependencies = (
			);
			name = "sses-schedule";
			productName = "sses-schedule";
			productReference = C96345222254729F007F990E /* sses-schedule.app */;
			productType = "com.apple.product-type.application";
		};
/* End PBXNativeTarget section */

/* Begin PBXProject section */
		C963451A2254729F007F990E /* Project object */ = {
			isa = PBXProject;
			attributes = {
				LastSwiftUpdateCheck = 1020;
				LastUpgradeCheck = 1020;
				ORGANIZATIONNAME = "Eric Liang";
				TargetAttributes = {
					C96345212254729F007F990E = {
						CreatedOnToolsVersion = 10.2;
					};
				};
			};
			buildConfigurationList = C963451D2254729F007F990E /* Build configuration list for PBXProject "sses-schedule" */;
			compatibilityVersion = "Xcode 9.3";
			developmentRegion = en;
			hasScannedForEncodings = 0;
			knownRegions = (
				en,
				Base,
			);
			mainGroup = C96345192254729F007F990E;
			productRefGroup = C96345232254729F007F990E /* Products */;
			projectDirPath = "";
			projectRoot = "";
			targets = (
				C96345212254729F007F990E /* sses-schedule */,
			);
		};
/* End PBXProject section */

/* Begin PBXResourcesBuildPhase section */
		C96345202254729F007F990E /* Resources */ = {
			isa = PBXResourcesBuildPhase;
			buildActionMask = 2147483647;
			files = (
				C9634530225472A0007F990E /* LaunchScreen.storyboard in Resources */,
				C963452D225472A0007F990E /* Assets.xcassets in Resources */,
				C963452B2254729F007F990E /* Main.storyboard in Resources */,
			);
			runOnlyForDeploymentPostprocessing = 0;
		};
/* End PBXResourcesBuildPhase section */

/* Begin PBXSourcesBuildPhase section */
		C963451E2254729F007F990E /* Sources */ = {
			isa = PBXSourcesBuildPhase;
			buildActionMask = 2147483647;
			files = (
				C963454122548B3A007F990E /* ScheduleData.swift in Sources */,
				C963453C22547683007F990E /* MainViewController.swift in Sources */,
				C963453A2254765A007F990E /* ScheduleTableViewController.swift in Sources */,
				C96345262254729F007F990E /* AppDelegate.swift in Sources */,
			);
			runOnlyForDeploymentPostprocessing = 0;
		};
/* End PBXSourcesBuildPhase section */

/* Begin PBXVariantGroup section */
		C96345292254729F007F990E /* Main.storyboard */ = {
			isa = PBXVariantGroup;
			children = (
				C963452A2254729F007F990E /* Base */,
			);
			name = Main.storyboard;
			sourceTree = "<group>";
		};
		C963452E225472A0007F990E /* LaunchScreen.storyboard */ = {
			isa = PBXVariantGroup;
			children = (
				C963452F225472A0007F990E /* Base */,
			);
			name = LaunchScreen.storyboard;
			sourceTree = "<group>";
		};
/* End PBXVariantGroup section */

/* Begin XCBuildConfiguration section */
		C9634532225472A0007F990E /* Debug */ = {
			isa = XCBuildConfiguration;
			buildSettings = {
				ALWAYS_SEARCH_USER_PATHS = NO;
				CLANG_ANALYZER_NONNULL = YES;
				CLANG_ANALYZER_NUMBER_OBJECT_CONVERSION = YES_AGGRESSIVE;
				CLANG_CXX_LANGUAGE_STANDARD = "gnu++14";
				CLANG_CXX_LIBRARY = "libc++";
				CLANG_ENABLE_MODULES = YES;
				CLANG_ENABLE_OBJC_ARC = YES;
				CLANG_ENABLE_OBJC_WEAK = YES;
				CLANG_WARN_BLOCK_CAPTURE_AUTORELEASING = YES;
				CLANG_WARN_BOOL_CONVERSION = YES;
				CLANG_WARN_COMMA = YES;
				CLANG_WARN_CONSTANT_CONVERSION = YES;
				CLANG_WARN_DEPRECATED_OBJC_IMPLEMENTATIONS = YES;
				CLANG_WARN_DIRECT_OBJC_ISA_USAGE = YES_ERROR;
				CLANG_WARN_DOCUMENTATION_COMMENTS = YES;
				CLANG_WARN_EMPTY_BODY = YES;
				CLANG_WARN_ENUM_CONVERSION = YES;
				CLANG_WARN_INFINITE_RECURSION = YES;
				CLANG_WARN_INT_CONVERSION = YES;
				CLANG_WARN_NON_LITERAL_NULL_CONVERSION = YES;
				CLANG_WARN_OBJC_IMPLICIT_RETAIN_SELF = YES;
				CLANG_WARN_OBJC_LITERAL_CONVERSION = YES;
				CLANG_WARN_OBJC_ROOT_CLASS = YES_ERROR;
				CLANG_WARN_RANGE_LOOP_ANALYSIS = YES;
				CLANG_WARN_STRICT_PROTOTYPES = YES;
				CLANG_WARN_SUSPICIOUS_MOVE = YES;
				CLANG_WARN_UNGUARDED_AVAILABILITY = YES_AGGRESSIVE;
				CLANG_WARN_UNREACHABLE_CODE = YES;
				CLANG_WARN__DUPLICATE_METHOD_MATCH = YES;
				CODE_SIGN_IDENTITY = "iPhone Developer";
				COPY_PHASE_STRIP = NO;
				DEBUG_INFORMATION_FORMAT = dwarf;
				ENABLE_STRICT_OBJC_MSGSEND = YES;
				ENABLE_TESTABILITY = YES;
				GCC_C_LANGUAGE_STANDARD = gnu11;
				GCC_DYNAMIC_NO_PIC = NO;
				GCC_NO_COMMON_BLOCKS = YES;
				GCC_OPTIMIZATION_LEVEL = 0;
				GCC_PREPROCESSOR_DEFINITIONS = (
					"DEBUG=1",
					"$(inherited)",
				);
				GCC_WARN_64_TO_32_BIT_CONVERSION = YES;
				GCC_WARN_ABOUT_RETURN_TYPE = YES_ERROR;
				GCC_WARN_UNDECLARED_SELECTOR = YES;
				GCC_WARN_UNINITIALIZED_AUTOS = YES_AGGRESSIVE;
				GCC_WARN_UNUSED_FUNCTION = YES;
				GCC_WARN_UNUSED_VARIABLE = YES;
				IPHONEOS_DEPLOYMENT_TARGET = 12.2;
				MTL_ENABLE_DEBUG_INFO = INCLUDE_SOURCE;
				MTL_FAST_MATH = YES;
				ONLY_ACTIVE_ARCH = YES;
				SDKROOT = iphoneos;
				SWIFT_ACTIVE_COMPILATION_CONDITIONS = DEBUG;
				SWIFT_OPTIMIZATION_LEVEL = "-Onone";
			};
			name = Debug;
		};
		C9634533225472A0007F990E /* Release */ = {
			isa = XCBuildConfiguration;
			buildSettings = {
				ALWAYS_SEARCH_USER_PATHS = NO;
				CLANG_ANALYZER_NONNULL = YES;
				CLANG_ANALYZER_NUMBER_OBJECT_CONVERSION = YES_AGGRESSIVE;
				CLANG_CXX_LANGUAGE_STANDARD = "gnu++14";
				CLANG_CXX_LIBRARY = "libc++";
				CLANG_ENABLE_MODULES = YES;
				CLANG_ENABLE_OBJC_ARC = YES;
				CLANG_ENABLE_OBJC_WEAK = YES;
				CLANG_WARN_BLOCK_CAPTURE_AUTORELEASING = YES;
				CLANG_WARN_BOOL_CONVERSION = YES;
				CLANG_WARN_COMMA = YES;
				CLANG_WARN_CONSTANT_CONVERSION = YES;
				CLANG_WARN_DEPRECATED_OBJC_IMPLEMENTATIONS = YES;
				CLANG_WARN_DIRECT_OBJC_ISA_USAGE = YES_ERROR;
				CLANG_WARN_DOCUMENTATION_COMMENTS = YES;
				CLANG_WARN_EMPTY_BODY = YES;
				CLANG_WARN_ENUM_CONVERSION = YES;
				CLANG_WARN_INFINITE_RECURSION = YES;
				CLANG_WARN_INT_CONVERSION = YES;
				CLANG_WARN_NON_LITERAL_NULL_CONVERSION = YES;
				CLANG_WARN_OBJC_IMPLICIT_RETAIN_SELF = YES;
				CLANG_WARN_OBJC_LITERAL_CONVERSION = YES;
				CLANG_WARN_OBJC_ROOT_CLASS = YES_ERROR;
				CLANG_WARN_RANGE_LOOP_ANALYSIS = YES;
				CLANG_WARN_STRICT_PROTOTYPES = YES;
				CLANG_WARN_SUSPICIOUS_MOVE = YES;
				CLANG_WARN_UNGUARDED_AVAILABILITY = YES_AGGRESSIVE;
				CLANG_WARN_UNREACHABLE_CODE = YES;
				CLANG_WARN__DUPLICATE_METHOD_MATCH = YES;
				CODE_SIGN_IDENTITY = "iPhone Developer";
				COPY_PHASE_STRIP = NO;
				DEBUG_INFORMATION_FORMAT = "dwarf-with-dsym";
				ENABLE_NS_ASSERTIONS = NO;
				ENABLE_STRICT_OBJC_MSGSEND = YES;
				GCC_C_LANGUAGE_STANDARD = gnu11;
				GCC_NO_COMMON_BLOCKS = YES;
				GCC_WARN_64_TO_32_BIT_CONVERSION = YES;
				GCC_WARN_ABOUT_RETURN_TYPE = YES_ERROR;
				GCC_WARN_UNDECLARED_SELECTOR = YES;
				GCC_WARN_UNINITIALIZED_AUTOS = YES_AGGRESSIVE;
				GCC_WARN_UNUSED_FUNCTION = YES;
				GCC_WARN_UNUSED_VARIABLE = YES;
				IPHONEOS_DEPLOYMENT_TARGET = 12.2;
				MTL_ENABLE_DEBUG_INFO = NO;
				MTL_FAST_MATH = YES;
				SDKROOT = iphoneos;
				SWIFT_COMPILATION_MODE = wholemodule;
				SWIFT_OPTIMIZATION_LEVEL = "-O";
				VALIDATE_PRODUCT = YES;
			};
			name = Release;
		};
		C9634535225472A0007F990E /* Debug */ = {
			isa = XCBuildConfiguration;
			buildSettings = {
				ASSETCATALOG_COMPILER_APPICON_NAME = AppIcon;
				CODE_SIGN_STYLE = Automatic;
				DEVELOPMENT_TEAM = 2NA87MVYM6;
				INFOPLIST_FILE = "sses-schedule/Supporting Files/Info.plist";
				IPHONEOS_DEPLOYMENT_TARGET = 11.0;
				LD_RUNPATH_SEARCH_PATHS = (
					"$(inherited)",
					"@executable_path/Frameworks",
				);
				PRODUCT_BUNDLE_IDENTIFIER = "org.sstx.sses-schedule";
				PRODUCT_NAME = "$(TARGET_NAME)";
				SWIFT_VERSION = 5.0;
				TARGETED_DEVICE_FAMILY = 1;
			};
			name = Debug;
		};
		C9634536225472A0007F990E /* Release */ = {
			isa = XCBuildConfiguration;
			buildSettings = {
				ASSETCATALOG_COMPILER_APPICON_NAME = AppIcon;
				CODE_SIGN_STYLE = Automatic;
				DEVELOPMENT_TEAM = 2NA87MVYM6;
				INFOPLIST_FILE = "sses-schedule/Supporting Files/Info.plist";
				IPHONEOS_DEPLOYMENT_TARGET = 11.0;
				LD_RUNPATH_SEARCH_PATHS = (
					"$(inherited)",
					"@executable_path/Frameworks",
				);
				PRODUCT_BUNDLE_IDENTIFIER = "org.sstx.sses-schedule";
				PRODUCT_NAME = "$(TARGET_NAME)";
				SWIFT_VERSION = 5.0;
				TARGETED_DEVICE_FAMILY = 1;
			};
			name = Release;
		};
/* End XCBuildConfiguration section */

/* Begin XCConfigurationList section */
		C963451D2254729F007F990E /* Build configuration list for PBXProject "sses-schedule" */ = {
			isa = XCConfigurationList;
			buildConfigurations = (
				C9634532225472A0007F990E /* Debug */,
				C9634533225472A0007F990E /* Release */,
			);
			defaultConfigurationIsVisible = 0;
			defaultConfigurationName = Release;
		};
		C9634534225472A0007F990E /* Build configuration list for PBXNativeTarget "sses-schedule" */ = {
			isa = XCConfigurationList;
			buildConfigurations = (
				C9634535225472A0007F990E /* Debug */,
				C9634536225472A0007F990E /* Release */,
			);
			defaultConfigurationIsVisible = 0;
			defaultConfigurationName = Release;
		};
/* End XCConfigurationList section */
	};
	rootObject = C963451A2254729F007F990E /* Project object */;
}
